
Microsoft Visual Studio Solution File, Format Version 12.00
# Visual Studio Version 17
VisualStudioVersion = 17.9.34622.214
MinimumVisualStudioVersion = 10.0.40219.1
Project("{9A19103F-16F7-4668-BE54-9A1E7A4F7556}") = "GeniyIdiotConsoleApp", "GeniyIdiotConsoleApp\GeniyIdiotConsoleApp.csproj", "{A99A487F-DA8F-4185-90A8-FB649A74DE21}"
EndProject
Project("{9A19103F-16F7-4668-BE54-9A1E7A4F7556}") = "GeniyIdiotWinForm", "WinFormsApp2\GeniyIdiotWinForm.csproj", "{A907CE18-60A0-47C5-8EB3-11892B8F35C4}"
EndProject
Project("{9A19103F-16F7-4668-BE54-9A1E7A4F7556}") = "GeniyIdiotClassLibrary", "GeniyIdiotClassLibrary\GeniyIdiotClassLibrary.csproj", "{D1DC5521-CE0B-4972-9B1E-7A58BAA67DEB}"
EndProject
Global
	GlobalSection(SolutionConfigurationPlatforms) = preSolution
		Debug|Any CPU = Debug|Any CPU
		Release|Any CPU = Release|Any CPU
	EndGlobalSection
	GlobalSection(ProjectConfigurationPlatforms) = postSolution
		{A99A487F-DA8F-4185-90A8-FB649A74DE21}.Debug|Any CPU.ActiveCfg = Debug|Any CPU
		{A99A487F-DA8F-4185-90A8-FB649A74DE21}.Debug|Any CPU.Build.0 = Debug|Any CPU
		{A99A487F-DA8F-4185-90A8-FB649A74DE21}.Release|Any CPU.ActiveCfg = Release|Any CPU
		{A99A487F-DA8F-4185-90A8-FB649A74DE21}.Release|Any CPU.Build.0 = Release|Any CPU
		{A907CE18-60A0-47C5-8EB3-11892B8F35C4}.Debug|Any CPU.ActiveCfg = Debug|Any CPU
		{A907CE18-60A0-47C5-8EB3-11892B8F35C4}.Debug|Any CPU.Build.0 = Debug|Any CPU
		{A907CE18-60A0-47C5-8EB3-11892B8F35C4}.Release|Any CPU.ActiveCfg = Release|Any CPU
		{A907CE18-60A0-47C5-8EB3-11892B8F35C4}.Release|Any CPU.Build.0 = Release|Any CPU
		{D1DC5521-CE0B-4972-9B1E-7A58BAA67DEB}.Debug|Any CPU.ActiveCfg = Debug|Any CPU
		{D1DC5521-CE0B-4972-9B1E-7A58BAA67DEB}.Debug|Any CPU.Build.0 = Debug|Any CPU
		{D1DC5521-CE0B-4972-9B1E-7A58BAA67DEB}.Release|Any CPU.ActiveCfg = Release|Any CPU
		{D1DC5521-CE0B-4972-9B1E-7A58BAA67DEB}.Release|Any CPU.Build.0 = Release|Any CPU
	EndGlobalSection
	GlobalSection(SolutionProperties) = preSolution
		HideSolutionNode = FALSE
	EndGlobalSection
	GlobalSection(ExtensibilityGlobals) = postSolution
		SolutionGuid = {71A9656F-2E59-40E8-B8ED-A9C194A597B7}
	EndGlobalSection
EndGlobal
